// !$*UTF8*$!
{
	archiveVersion = 1;
	classes = {
	};
	objectVersion = 56;
	objects = {

/* Begin PBXBuildFile section */
		AE8F4BA62B68E16F00D3C2C5 /* MessageController.swift in Sources */ = {isa = PBXBuildFile; fileRef = AE8F4BA52B68E16F00D3C2C5 /* MessageController.swift */; };
		AE8F4BA82B68E1A400D3C2C5 /* ScriptController.swift in Sources */ = {isa = PBXBuildFile; fileRef = AE8F4BA72B68E1A400D3C2C5 /* ScriptController.swift */; };
		AE8F4BAB2B68E20800D3C2C5 /* AppDelegate.swift in Sources */ = {isa = PBXBuildFile; fileRef = AE8F4BAA2B68E20800D3C2C5 /* AppDelegate.swift */; };
		AE8F4BAD2B68E23200D3C2C5 /* Main.swift in Sources */ = {isa = PBXBuildFile; fileRef = AE8F4BAC2B68E23200D3C2C5 /* Main.swift */; };
		AE8F4BB02B68E28E00D3C2C5 /* Configuration.swift in Sources */ = {isa = PBXBuildFile; fileRef = AE8F4BAF2B68E28E00D3C2C5 /* Configuration.swift */; };
		AE8F4BB22B68E2B900D3C2C5 /* PermissionsHelper.swift in Sources */ = {isa = PBXBuildFile; fileRef = AE8F4BB12B68E2B900D3C2C5 /* PermissionsHelper.swift */; };
		AE8F4BBC2B68E4C000D3C2C5 /* Localizable.strings in Resources */ = {isa = PBXBuildFile; fileRef = AE8F4BBB2B68E4C000D3C2C5 /* Localizable.strings */; };
		AE8F4BC22B68E5A400D3C2C5 /* environment.plist in Resources */ = {isa = PBXBuildFile; fileRef = AE8F4BC12B68E5A400D3C2C5 /* environment.plist */; };
		AE8F4BC42B68E65800D3C2C5 /* ConfigManager.swift in Sources */ = {isa = PBXBuildFile; fileRef = AE8F4BC32B68E65800D3C2C5 /* ConfigManager.swift */; };
		AE8F4BC72B68E77600D3C2C5 /* GeminiAPIManagerTests.swift in Sources */ = {isa = PBXBuildFile; fileRef = AE8F4BC62B68E77600D3C2C5 /* GeminiAPIManagerTests.swift */; };
		AE8F4BCC2B68E85600D3C2C5 /* iMessageServiceTest.swift in Sources */ = {isa = PBXBuildFile; fileRef = AE8F4BCB2B68E85600D3C2C5 /* iMessageServiceTest.swift */; };
		AE8F4BCE2B68E8A100D3C2C5 /* API_Documentation.md in Resources */ = {isa = PBXBuildFile; fileRef = AE8F4BCD2B68E8A100D3C2C5 /* API_Documentation.md */; };
		AE8F4BD02B68E8E900D3C2C5 /* Getting_Started.md in Resources */ = {isa = PBXBuildFile; fileRef = AE8F4BCF2B68E8E900D3C2C5 /* Getting_Started.md */; };
		AE8F4BD22B68E90400D3C2C5 /* Integration_Guide.md in Resources */ = {isa = PBXBuildFile; fileRef = AE8F4BD12B68E90400D3C2C5 /* Integration_Guide.md */; };
		AEA305A62B6515320025F50E /* MessageView.swift in Sources */ = {isa = PBXBuildFile; fileRef = AEA305A52B6515320025F50E /* MessageView.swift */; };
		AEA305A82B65157E0025F50E /* ErrorView.swift in Sources */ = {isa = PBXBuildFile; fileRef = AEA305A72B65157E0025F50E /* ErrorView.swift */; };
		AEA305AB2B65160E0025F50E /* GeminiAPIManager.swift in Sources */ = {isa = PBXBuildFile; fileRef = AEA305AA2B65160E0025F50E /* GeminiAPIManager.swift */; };
		AEA305AD2B6516270025F50E /* APIKey.swift in Sources */ = {isa = PBXBuildFile; fileRef = AEA305AC2B6516270025F50E /* APIKey.swift */; };
		AEA305B02B65167A0025F50E /* IMessageService.swift in Sources */ = {isa = PBXBuildFile; fileRef = AEA305AF2B65167A0025F50E /* IMessageService.swift */; };
		AEA305B22B6516A30025F50E /* GeminiService.swift in Sources */ = {isa = PBXBuildFile; fileRef = AEA305B12B6516A30025F50E /* GeminiService.swift */; };
/* End PBXBuildFile section */

/* Begin PBXContainerItemProxy section */
		AEA3057A2B650E770025F50E /* PBXContainerItemProxy */ = {
			isa = PBXContainerItemProxy;
			containerPortal = AEA305602B650E730025F50E /* Project object */;
			proxyType = 1;
			remoteGlobalIDString = AEA305672B650E730025F50E;
			remoteInfo = iMessageGemini;
		};
		AEA305842B650E780025F50E /* PBXContainerItemProxy */ = {
			isa = PBXContainerItemProxy;
			containerPortal = AEA305602B650E730025F50E /* Project object */;
			proxyType = 1;
			remoteGlobalIDString = AEA305672B650E730025F50E;
			remoteInfo = iMessageGemini;
		};
/* End PBXContainerItemProxy section */

/* Begin PBXFileReference section */
		AE8F4BA52B68E16F00D3C2C5 /* MessageController.swift */ = {isa = PBXFileReference; lastKnownFileType = sourcecode.swift; path = MessageController.swift; sourceTree = "<group>"; };
		AE8F4BA72B68E1A400D3C2C5 /* ScriptController.swift */ = {isa = PBXFileReference; lastKnownFileType = sourcecode.swift; path = ScriptController.swift; sourceTree = "<group>"; };
		AE8F4BAA2B68E20800D3C2C5 /* AppDelegate.swift */ = {isa = PBXFileReference; lastKnownFileType = sourcecode.swift; path = AppDelegate.swift; sourceTree = "<group>"; };
		AE8F4BAC2B68E23200D3C2C5 /* Main.swift */ = {isa = PBXFileReference; lastKnownFileType = sourcecode.swift; path = Main.swift; sourceTree = "<group>"; };
		AE8F4BAF2B68E28E00D3C2C5 /* Configuration.swift */ = {isa = PBXFileReference; lastKnownFileType = sourcecode.swift; path = Configuration.swift; sourceTree = "<group>"; };
		AE8F4BB12B68E2B900D3C2C5 /* PermissionsHelper.swift */ = {isa = PBXFileReference; lastKnownFileType = sourcecode.swift; path = PermissionsHelper.swift; sourceTree = "<group>"; };
		AE8F4BB42B68E31C00D3C2C5 /* SendText.scpt */ = {isa = PBXFileReference; lastKnownFileType = text.script.sh; path = SendText.scpt; sourceTree = "<group>"; };
		AE8F4BB52B68E36600D3C2C5 /* SendImage.scpt */ = {isa = PBXFileReference; lastKnownFileType = text.script.sh; path = SendImage.scpt; sourceTree = "<group>"; };
		AE8F4BBB2B68E4C000D3C2C5 /* Localizable.strings */ = {isa = PBXFileReference; lastKnownFileType = text.plist.strings; path = Localizable.strings; sourceTree = "<group>"; };
		AE8F4BBD2B68E51400D3C2C5 /* appConfig.json */ = {isa = PBXFileReference; lastKnownFileType = text.json; path = appConfig.json; sourceTree = "<group>"; };
		AE8F4BC12B68E5A400D3C2C5 /* environment.plist */ = {isa = PBXFileReference; lastKnownFileType = text.plist; path = environment.plist; sourceTree = "<group>"; };
		AE8F4BC32B68E65800D3C2C5 /* ConfigManager.swift */ = {isa = PBXFileReference; lastKnownFileType = sourcecode.swift; path = ConfigManager.swift; sourceTree = "<group>"; };
		AE8F4BC62B68E77600D3C2C5 /* GeminiAPIManagerTests.swift */ = {isa = PBXFileReference; lastKnownFileType = sourcecode.swift; path = GeminiAPIManagerTests.swift; sourceTree = "<group>"; };
		AE8F4BCB2B68E85600D3C2C5 /* iMessageServiceTest.swift */ = {isa = PBXFileReference; lastKnownFileType = sourcecode.swift; path = iMessageServiceTest.swift; sourceTree = "<group>"; };
		AE8F4BCD2B68E8A100D3C2C5 /* API_Documentation.md */ = {isa = PBXFileReference; lastKnownFileType = net.daringfireball.markdown; path = API_Documentation.md; sourceTree = "<group>"; };
		AE8F4BCF2B68E8E900D3C2C5 /* Getting_Started.md */ = {isa = PBXFileReference; lastKnownFileType = net.daringfireball.markdown; path = Getting_Started.md; sourceTree = "<group>"; };
		AE8F4BD12B68E90400D3C2C5 /* Integration_Guide.md */ = {isa = PBXFileReference; lastKnownFileType = net.daringfireball.markdown; path = Integration_Guide.md; sourceTree = "<group>"; };
		AEA305682B650E730025F50E /* iMessageGemini.app */ = {isa = PBXFileReference; explicitFileType = wrapper.application; includeInIndex = 0; path = iMessageGemini.app; sourceTree = BUILT_PRODUCTS_DIR; };
		AEA305792B650E770025F50E /* iMessageGeminiTests.xctest */ = {isa = PBXFileReference; explicitFileType = wrapper.cfbundle; includeInIndex = 0; path = iMessageGeminiTests.xctest; sourceTree = BUILT_PRODUCTS_DIR; };
		AEA305832B650E780025F50E /* iMessageGeminiUITests.xctest */ = {isa = PBXFileReference; explicitFileType = wrapper.cfbundle; includeInIndex = 0; path = iMessageGeminiUITests.xctest; sourceTree = BUILT_PRODUCTS_DIR; };
		AEA305962B650ECE0025F50E /* FileTree.md */ = {isa = PBXFileReference; lastKnownFileType = net.daringfireball.markdown; path = FileTree.md; sourceTree = "<group>"; };
		AEA3059C2B650FD10025F50E /* Package.swift */ = {isa = PBXFileReference; lastKnownFileType = sourcecode.swift; path = Package.swift; sourceTree = "<group>"; };
		AEA3059D2B6514210025F50E /* Message.swift */ = {isa = PBXFileReference; lastKnownFileType = sourcecode.swift; path = Message.swift; sourceTree = "<group>"; };
		AEA3059E2B6514490025F50E /* ChatMessage.swif.swift */ = {isa = PBXFileReference; lastKnownFileType = sourcecode.swift; path = ChatMessage.swif.swift; sourceTree = "<group>"; };
		AEA3059F2B6514690025F50E /* User.swift */ = {isa = PBXFileReference; lastKnownFileType = sourcecode.swift; path = User.swift; sourceTree = "<group>"; };
		AEA305A52B6515320025F50E /* MessageView.swift */ = {isa = PBXFileReference; lastKnownFileType = sourcecode.swift; path = MessageView.swift; sourceTree = "<group>"; };
		AEA305A72B65157E0025F50E /* ErrorView.swift */ = {isa = PBXFileReference; lastKnownFileType = sourcecode.swift; path = ErrorView.swift; sourceTree = "<group>"; };
		AEA305AA2B65160E0025F50E /* GeminiAPIManager.swift */ = {isa = PBXFileReference; lastKnownFileType = sourcecode.swift; path = GeminiAPIManager.swift; sourceTree = "<group>"; };
		AEA305AC2B6516270025F50E /* APIKey.swift */ = {isa = PBXFileReference; lastKnownFileType = sourcecode.swift; path = APIKey.swift; sourceTree = "<group>"; };
		AEA305AF2B65167A0025F50E /* IMessageService.swift */ = {isa = PBXFileReference; lastKnownFileType = sourcecode.swift; path = IMessageService.swift; sourceTree = "<group>"; };
		AEA305B12B6516A30025F50E /* GeminiService.swift */ = {isa = PBXFileReference; lastKnownFileType = sourcecode.swift; path = GeminiService.swift; sourceTree = "<group>"; };
/* End PBXFileReference section */

/* Begin PBXFrameworksBuildPhase section */
		AEA305652B650E730025F50E /* Frameworks */ = {
			isa = PBXFrameworksBuildPhase;
			buildActionMask = 2147483647;
			files = (
			);
			runOnlyForDeploymentPostprocessing = 0;
		};
		AEA305762B650E770025F50E /* Frameworks */ = {
			isa = PBXFrameworksBuildPhase;
			buildActionMask = 2147483647;
			files = (
			);
			runOnlyForDeploymentPostprocessing = 0;
		};
		AEA305802B650E780025F50E /* Frameworks */ = {
			isa = PBXFrameworksBuildPhase;
			buildActionMask = 2147483647;
			files = (
			);
			runOnlyForDeploymentPostprocessing = 0;
		};
/* End PBXFrameworksBuildPhase section */

/* Begin PBXGroup section */
		AE8F4BA42B68E15000D3C2C5 /* Controllers */ = {
			isa = PBXGroup;
			children = (
				AE8F4BA52B68E16F00D3C2C5 /* MessageController.swift */,
				AE8F4BA72B68E1A400D3C2C5 /* ScriptController.swift */,
			);
			path = Controllers;
			sourceTree = "<group>";
		};
		AE8F4BA92B68E1D700D3C2C5 /* Main */ = {
			isa = PBXGroup;
			children = (
				AE8F4BAA2B68E20800D3C2C5 /* AppDelegate.swift */,
				AE8F4BAC2B68E23200D3C2C5 /* Main.swift */,
			);
			path = Main;
			sourceTree = "<group>";
		};
		AE8F4BAE2B68E27600D3C2C5 /* Utilities */ = {
			isa = PBXGroup;
			children = (
				AE8F4BAF2B68E28E00D3C2C5 /* Configuration.swift */,
				AE8F4BB12B68E2B900D3C2C5 /* PermissionsHelper.swift */,
			);
			path = Utilities;
			sourceTree = "<group>";
		};
		AE8F4BB32B68E2F000D3C2C5 /* Scripts */ = {
			isa = PBXGroup;
			children = (
				AE8F4BB42B68E31C00D3C2C5 /* SendText.scpt */,
				AE8F4BB52B68E36600D3C2C5 /* SendImage.scpt */,
			);
			path = Scripts;
			sourceTree = "<group>";
		};
		AE8F4BB72B68E44C00D3C2C5 /* Assets.xcassets */ = {
			isa = PBXGroup;
			children = (
				AE8F4BB82B68E45700D3C2C5 /* Images */,
			);
			path = Assets.xcassets;
			sourceTree = "<group>";
		};
		AE8F4BB82B68E45700D3C2C5 /* Images */ = {
			isa = PBXGroup;
			children = (
			);
			path = Images;
			sourceTree = "<group>";
		};
		AE8F4BC52B68E76600D3C2C5 /* JaredTests */ = {
			isa = PBXGroup;
			children = (
				AE8F4BCB2B68E85600D3C2C5 /* iMessageServiceTest.swift */,
			);
			path = JaredTests;
			sourceTree = "<group>";
		};
		AE8F4BCA2B68E82200D3C2C5 /* JaredFrameworkTests */ = {
			isa = PBXGroup;
			children = (
				AE8F4BC62B68E77600D3C2C5 /* GeminiAPIManagerTests.swift */,
			);
			path = JaredFrameworkTests;
			sourceTree = "<group>";
		};
		AEA3055F2B650E730025F50E = {
			isa = PBXGroup;
			children = (
				AE8F4BC32B68E65800D3C2C5 /* ConfigManager.swift */,
				AEA3059C2B650FD10025F50E /* Package.swift */,
				AEA305962B650ECE0025F50E /* FileTree.md */,
				AEA305982B650F270025F50E /* Jared */,
				AEA305972B650F160025F50E /* JaredFramework */,
				AEA305992B650F4D0025F50E /* Resources */,
				AEA3059A2B650F640025F50E /* Tests */,
				AEA3059B2B650F7E0025F50E /* Documentation */,
				AEA305692B650E730025F50E /* Products */,
			);
			sourceTree = "<group>";
		};
		AEA305692B650E730025F50E /* Products */ = {
			isa = PBXGroup;
			children = (
				AEA305682B650E730025F50E /* iMessageGemini.app */,
				AEA305792B650E770025F50E /* iMessageGeminiTests.xctest */,
				AEA305832B650E780025F50E /* iMessageGeminiUITests.xctest */,
			);
			name = Products;
			sourceTree = "<group>";
		};
		AEA305972B650F160025F50E /* JaredFramework */ = {
			isa = PBXGroup;
			children = (
				AE8F4BA42B68E15000D3C2C5 /* Controllers */,
				AEA305A92B6515C70025F50E /* Network */,
				AEA305AE2B65166A0025F50E /* Services */,
				AEA305A32B6514E60025F50E /* Views */,
				AEA305A12B6514A10025F50E /* Models */,
			);
			path = JaredFramework;
			sourceTree = "<group>";
		};
		AEA305982B650F270025F50E /* Jared */ = {
			isa = PBXGroup;
			children = (
				AE8F4BB32B68E2F000D3C2C5 /* Scripts */,
				AE8F4BAE2B68E27600D3C2C5 /* Utilities */,
				AE8F4BA92B68E1D700D3C2C5 /* Main */,
			);
			path = Jared;
			sourceTree = "<group>";
		};
		AEA305992B650F4D0025F50E /* Resources */ = {
			isa = PBXGroup;
			children = (
				AE8F4BB72B68E44C00D3C2C5 /* Assets.xcassets */,
				AE8F4BBB2B68E4C000D3C2C5 /* Localizable.strings */,
				AE8F4BBD2B68E51400D3C2C5 /* appConfig.json */,
				AE8F4BC12B68E5A400D3C2C5 /* environment.plist */,
			);
			path = Resources;
			sourceTree = "<group>";
		};
		AEA3059A2B650F640025F50E /* Tests */ = {
			isa = PBXGroup;
			children = (
				AE8F4BCA2B68E82200D3C2C5 /* JaredFrameworkTests */,
				AE8F4BC52B68E76600D3C2C5 /* JaredTests */,
			);
			path = Tests;
			sourceTree = "<group>";
		};
		AEA3059B2B650F7E0025F50E /* Documentation */ = {
			isa = PBXGroup;
			children = (
				AE8F4BCD2B68E8A100D3C2C5 /* API_Documentation.md */,
				AE8F4BCF2B68E8E900D3C2C5 /* Getting_Started.md */,
				AE8F4BD12B68E90400D3C2C5 /* Integration_Guide.md */,
			);
			path = Documentation;
			sourceTree = "<group>";
		};
		AEA305A12B6514A10025F50E /* Models */ = {
			isa = PBXGroup;
			children = (
				AEA3059F2B6514690025F50E /* User.swift */,
				AEA3059E2B6514490025F50E /* ChatMessage.swif.swift */,
				AEA3059D2B6514210025F50E /* Message.swift */,
			);
			name = Models;
			path = ..;
			sourceTree = "<group>";
		};
		AEA305A32B6514E60025F50E /* Views */ = {
			isa = PBXGroup;
			children = (
				AEA305A52B6515320025F50E /* MessageView.swift */,
				AEA305A72B65157E0025F50E /* ErrorView.swift */,
			);
			path = Views;
			sourceTree = "<group>";
		};
		AEA305A92B6515C70025F50E /* Network */ = {
			isa = PBXGroup;
			children = (
				AEA305AA2B65160E0025F50E /* GeminiAPIManager.swift */,
				AEA305AC2B6516270025F50E /* APIKey.swift */,
			);
			path = Network;
			sourceTree = "<group>";
		};
		AEA305AE2B65166A0025F50E /* Services */ = {
			isa = PBXGroup;
			children = (
				AEA305AF2B65167A0025F50E /* IMessageService.swift */,
				AEA305B12B6516A30025F50E /* GeminiService.swift */,
			);
			path = Services;
			sourceTree = "<group>";
		};
/* End PBXGroup section */

/* Begin PBXNativeTarget section */
		AEA305672B650E730025F50E /* iMessageGemini */ = {
			isa = PBXNativeTarget;
			buildConfigurationList = AEA3058D2B650E780025F50E /* Build configuration list for PBXNativeTarget "iMessageGemini" */;
			buildPhases = (
				AEA305642B650E730025F50E /* Sources */,
				AEA305652B650E730025F50E /* Frameworks */,
				AEA305662B650E730025F50E /* Resources */,
			);
			buildRules = (
			);
			dependencies = (
			);
			name = iMessageGemini;
			productName = iMessageGemini;
			productReference = AEA305682B650E730025F50E /* iMessageGemini.app */;
			productType = "com.apple.product-type.application";
		};
		AEA305782B650E770025F50E /* iMessageGeminiTests */ = {
			isa = PBXNativeTarget;
			buildConfigurationList = AEA305902B650E780025F50E /* Build configuration list for PBXNativeTarget "iMessageGeminiTests" */;
			buildPhases = (
				AEA305752B650E770025F50E /* Sources */,
				AEA305762B650E770025F50E /* Frameworks */,
				AEA305772B650E770025F50E /* Resources */,
			);
			buildRules = (
			);
			dependencies = (
				AEA3057B2B650E770025F50E /* PBXTargetDependency */,
			);
			name = iMessageGeminiTests;
			productName = iMessageGeminiTests;
			productReference = AEA305792B650E770025F50E /* iMessageGeminiTests.xctest */;
			productType = "com.apple.product-type.bundle.unit-test";
		};
		AEA305822B650E780025F50E /* iMessageGeminiUITests */ = {
			isa = PBXNativeTarget;
			buildConfigurationList = AEA305932B650E780025F50E /* Build configuration list for PBXNativeTarget "iMessageGeminiUITests" */;
			buildPhases = (
				AEA3057F2B650E780025F50E /* Sources */,
				AEA305802B650E780025F50E /* Frameworks */,
				AEA305812B650E780025F50E /* Resources */,
			);
			buildRules = (
			);
			dependencies = (
				AEA305852B650E780025F50E /* PBXTargetDependency */,
			);
			name = iMessageGeminiUITests;
			productName = iMessageGeminiUITests;
			productReference = AEA305832B650E780025F50E /* iMessageGeminiUITests.xctest */;
			productType = "com.apple.product-type.bundle.ui-testing";
		};
/* End PBXNativeTarget section */

/* Begin PBXProject section */
		AEA305602B650E730025F50E /* Project object */ = {
			isa = PBXProject;
			attributes = {
				BuildIndependentTargetsInParallel = 1;
				LastSwiftUpdateCheck = 1520;
				LastUpgradeCheck = 1520;
				TargetAttributes = {
					AEA305672B650E730025F50E = {
						CreatedOnToolsVersion = 15.2;
						LastSwiftMigration = 1520;
					};
					AEA305782B650E770025F50E = {
						CreatedOnToolsVersion = 15.2;
						TestTargetID = AEA305672B650E730025F50E;
					};
					AEA305822B650E780025F50E = {
						CreatedOnToolsVersion = 15.2;
						TestTargetID = AEA305672B650E730025F50E;
					};
				};
			};
			buildConfigurationList = AEA305632B650E730025F50E /* Build configuration list for PBXProject "iMessageGemini" */;
			compatibilityVersion = "Xcode 14.0";
			developmentRegion = en;
			hasScannedForEncodings = 0;
			knownRegions = (
				en,
				Base,
			);
			mainGroup = AEA3055F2B650E730025F50E;
			productRefGroup = AEA305692B650E730025F50E /* Products */;
			projectDirPath = "";
			projectRoot = "";
			targets = (
				AEA305672B650E730025F50E /* iMessageGemini */,
				AEA305782B650E770025F50E /* iMessageGeminiTests */,
				AEA305822B650E780025F50E /* iMessageGeminiUITests */,
			);
		};
/* End PBXProject section */

/* Begin PBXResourcesBuildPhase section */
		AEA305662B650E730025F50E /* Resources */ = {
			isa = PBXResourcesBuildPhase;
			buildActionMask = 2147483647;
			files = (
				AE8F4BCE2B68E8A100D3C2C5 /* API_Documentation.md in Resources */,
				AE8F4BD02B68E8E900D3C2C5 /* Getting_Started.md in Resources */,
				AE8F4BC22B68E5A400D3C2C5 /* environment.plist in Resources */,
				AE8F4BD22B68E90400D3C2C5 /* Integration_Guide.md in Resources */,
				AE8F4BBC2B68E4C000D3C2C5 /* Localizable.strings in Resources */,
			);
			runOnlyForDeploymentPostprocessing = 0;
		};
		AEA305772B650E770025F50E /* Resources */ = {
			isa = PBXResourcesBuildPhase;
			buildActionMask = 2147483647;
			files = (
			);
			runOnlyForDeploymentPostprocessing = 0;
		};
		AEA305812B650E780025F50E /* Resources */ = {
			isa = PBXResourcesBuildPhase;
			buildActionMask = 2147483647;
			files = (
			);
			runOnlyForDeploymentPostprocessing = 0;
		};
/* End PBXResourcesBuildPhase section */

/* Begin PBXSourcesBuildPhase section */
		AEA305642B650E730025F50E /* Sources */ = {
			isa = PBXSourcesBuildPhase;
			buildActionMask = 2147483647;
			files = (
				AE8F4BAD2B68E23200D3C2C5 /* Main.swift in Sources */,
				AEA305A62B6515320025F50E /* MessageView.swift in Sources */,
				AEA305A82B65157E0025F50E /* ErrorView.swift in Sources */,
				AE8F4BC72B68E77600D3C2C5 /* GeminiAPIManagerTests.swift in Sources */,
				AE8F4BA82B68E1A400D3C2C5 /* ScriptController.swift in Sources */,
				AE8F4BAB2B68E20800D3C2C5 /* AppDelegate.swift in Sources */,
				AE8F4BA62B68E16F00D3C2C5 /* MessageController.swift in Sources */,
				AEA305AD2B6516270025F50E /* APIKey.swift in Sources */,
				AEA305AB2B65160E0025F50E /* GeminiAPIManager.swift in Sources */,
				AEA305B22B6516A30025F50E /* GeminiService.swift in Sources */,
				AEA305B02B65167A0025F50E /* IMessageService.swift in Sources */,
				AE8F4BB22B68E2B900D3C2C5 /* PermissionsHelper.swift in Sources */,
				AE8F4BCC2B68E85600D3C2C5 /* iMessageServiceTest.swift in Sources */,
				AE8F4BC42B68E65800D3C2C5 /* ConfigManager.swift in Sources */,
				AE8F4BB02B68E28E00D3C2C5 /* Configuration.swift in Sources */,
			);
			runOnlyForDeploymentPostprocessing = 0;
		};
		AEA305752B650E770025F50E /* Sources */ = {
			isa = PBXSourcesBuildPhase;
			buildActionMask = 2147483647;
			files = (
			);
			runOnlyForDeploymentPostprocessing = 0;
		};
		AEA3057F2B650E780025F50E /* Sources */ = {
			isa = PBXSourcesBuildPhase;
			buildActionMask = 2147483647;
			files = (
			);
			runOnlyForDeploymentPostprocessing = 0;
		};
/* End PBXSourcesBuildPhase section */

/* Begin PBXTargetDependency section */
		AEA3057B2B650E770025F50E /* PBXTargetDependency */ = {
			isa = PBXTargetDependency;
			target = AEA305672B650E730025F50E /* iMessageGemini */;
			targetProxy = AEA3057A2B650E770025F50E /* PBXContainerItemProxy */;
		};
		AEA305852B650E780025F50E /* PBXTargetDependency */ = {
			isa = PBXTargetDependency;
			target = AEA305672B650E730025F50E /* iMessageGemini */;
			targetProxy = AEA305842B650E780025F50E /* PBXContainerItemProxy */;
		};
/* End PBXTargetDependency section */

/* Begin XCBuildConfiguration section */
		AEA3058B2B650E780025F50E /* Debug */ = {
			isa = XCBuildConfiguration;
			buildSettings = {
				ALWAYS_SEARCH_USER_PATHS = NO;
				ASSETCATALOG_COMPILER_GENERATE_SWIFT_ASSET_SYMBOL_EXTENSIONS = YES;
				CLANG_ANALYZER_NONNULL = YES;
				CLANG_ANALYZER_NUMBER_OBJECT_CONVERSION = YES_AGGRESSIVE;
				CLANG_CXX_LANGUAGE_STANDARD = "gnu++20";
				CLANG_ENABLE_MODULES = YES;
				CLANG_ENABLE_OBJC_ARC = YES;
				CLANG_ENABLE_OBJC_WEAK = YES;
				CLANG_WARN_BLOCK_CAPTURE_AUTORELEASING = YES;
				CLANG_WARN_BOOL_CONVERSION = YES;
				CLANG_WARN_COMMA = YES;
				CLANG_WARN_CONSTANT_CONVERSION = YES;
				CLANG_WARN_DEPRECATED_OBJC_IMPLEMENTATIONS = YES;
				CLANG_WARN_DIRECT_OBJC_ISA_USAGE = YES_ERROR;
				CLANG_WARN_DOCUMENTATION_COMMENTS = YES;
				CLANG_WARN_EMPTY_BODY = YES;
				CLANG_WARN_ENUM_CONVERSION = YES;
				CLANG_WARN_INFINITE_RECURSION = YES;
				CLANG_WARN_INT_CONVERSION = YES;
				CLANG_WARN_NON_LITERAL_NULL_CONVERSION = YES;
				CLANG_WARN_OBJC_IMPLICIT_RETAIN_SELF = YES;
				CLANG_WARN_OBJC_LITERAL_CONVERSION = YES;
				CLANG_WARN_OBJC_ROOT_CLASS = YES_ERROR;
				CLANG_WARN_QUOTED_INCLUDE_IN_FRAMEWORK_HEADER = YES;
				CLANG_WARN_RANGE_LOOP_ANALYSIS = YES;
				CLANG_WARN_STRICT_PROTOTYPES = YES;
				CLANG_WARN_SUSPICIOUS_MOVE = YES;
				CLANG_WARN_UNGUARDED_AVAILABILITY = YES_AGGRESSIVE;
				CLANG_WARN_UNREACHABLE_CODE = YES;
				CLANG_WARN__DUPLICATE_METHOD_MATCH = YES;
				COPY_PHASE_STRIP = NO;
				DEBUG_INFORMATION_FORMAT = dwarf;
				ENABLE_STRICT_OBJC_MSGSEND = YES;
				ENABLE_TESTABILITY = YES;
				ENABLE_USER_SCRIPT_SANDBOXING = YES;
				GCC_C_LANGUAGE_STANDARD = gnu17;
				GCC_DYNAMIC_NO_PIC = NO;
				GCC_NO_COMMON_BLOCKS = YES;
				GCC_OPTIMIZATION_LEVEL = 0;
				GCC_PREPROCESSOR_DEFINITIONS = (
					"DEBUG=1",
					"$(inherited)",
				);
				GCC_WARN_64_TO_32_BIT_CONVERSION = YES;
				GCC_WARN_ABOUT_RETURN_TYPE = YES_ERROR;
				GCC_WARN_UNDECLARED_SELECTOR = YES;
				GCC_WARN_UNINITIALIZED_AUTOS = YES_AGGRESSIVE;
				GCC_WARN_UNUSED_FUNCTION = YES;
				GCC_WARN_UNUSED_VARIABLE = YES;
				LOCALIZATION_PREFERS_STRING_CATALOGS = YES;
				MTL_ENABLE_DEBUG_INFO = INCLUDE_SOURCE;
				MTL_FAST_MATH = YES;
				ONLY_ACTIVE_ARCH = YES;
				SWIFT_ACTIVE_COMPILATION_CONDITIONS = "DEBUG $(inherited)";
				SWIFT_OPTIMIZATION_LEVEL = "-Onone";
			};
			name = Debug;
		};
		AEA3058C2B650E780025F50E /* Release */ = {
			isa = XCBuildConfiguration;
			buildSettings = {
				ALWAYS_SEARCH_USER_PATHS = NO;
				ASSETCATALOG_COMPILER_GENERATE_SWIFT_ASSET_SYMBOL_EXTENSIONS = YES;
				CLANG_ANALYZER_NONNULL = YES;
				CLANG_ANALYZER_NUMBER_OBJECT_CONVERSION = YES_AGGRESSIVE;
				CLANG_CXX_LANGUAGE_STANDARD = "gnu++20";
				CLANG_ENABLE_MODULES = YES;
				CLANG_ENABLE_OBJC_ARC = YES;
				CLANG_ENABLE_OBJC_WEAK = YES;
				CLANG_WARN_BLOCK_CAPTURE_AUTORELEASING = YES;
				CLANG_WARN_BOOL_CONVERSION = YES;
				CLANG_WARN_COMMA = YES;
				CLANG_WARN_CONSTANT_CONVERSION = YES;
				CLANG_WARN_DEPRECATED_OBJC_IMPLEMENTATIONS = YES;
				CLANG_WARN_DIRECT_OBJC_ISA_USAGE = YES_ERROR;
				CLANG_WARN_DOCUMENTATION_COMMENTS = YES;
				CLANG_WARN_EMPTY_BODY = YES;
				CLANG_WARN_ENUM_CONVERSION = YES;
				CLANG_WARN_INFINITE_RECURSION = YES;
				CLANG_WARN_INT_CONVERSION = YES;
				CLANG_WARN_NON_LITERAL_NULL_CONVERSION = YES;
				CLANG_WARN_OBJC_IMPLICIT_RETAIN_SELF = YES;
				CLANG_WARN_OBJC_LITERAL_CONVERSION = YES;
				CLANG_WARN_OBJC_ROOT_CLASS = YES_ERROR;
				CLANG_WARN_QUOTED_INCLUDE_IN_FRAMEWORK_HEADER = YES;
				CLANG_WARN_RANGE_LOOP_ANALYSIS = YES;
				CLANG_WARN_STRICT_PROTOTYPES = YES;
				CLANG_WARN_SUSPICIOUS_MOVE = YES;
				CLANG_WARN_UNGUARDED_AVAILABILITY = YES_AGGRESSIVE;
				CLANG_WARN_UNREACHABLE_CODE = YES;
				CLANG_WARN__DUPLICATE_METHOD_MATCH = YES;
				COPY_PHASE_STRIP = NO;
				DEBUG_INFORMATION_FORMAT = "dwarf-with-dsym";
				ENABLE_NS_ASSERTIONS = NO;
				ENABLE_STRICT_OBJC_MSGSEND = YES;
				ENABLE_USER_SCRIPT_SANDBOXING = YES;
				GCC_C_LANGUAGE_STANDARD = gnu17;
				GCC_NO_COMMON_BLOCKS = YES;
				GCC_WARN_64_TO_32_BIT_CONVERSION = YES;
				GCC_WARN_ABOUT_RETURN_TYPE = YES_ERROR;
				GCC_WARN_UNDECLARED_SELECTOR = YES;
				GCC_WARN_UNINITIALIZED_AUTOS = YES_AGGRESSIVE;
				GCC_WARN_UNUSED_FUNCTION = YES;
				GCC_WARN_UNUSED_VARIABLE = YES;
				LOCALIZATION_PREFERS_STRING_CATALOGS = YES;
				MTL_ENABLE_DEBUG_INFO = NO;
				MTL_FAST_MATH = YES;
				SWIFT_COMPILATION_MODE = wholemodule;
			};
			name = Release;
		};
		AEA3058E2B650E780025F50E /* Debug */ = {
			isa = XCBuildConfiguration;
			buildSettings = {
				ASSETCATALOG_COMPILER_APPICON_NAME = AppIcon;
				ASSETCATALOG_COMPILER_GLOBAL_ACCENT_COLOR_NAME = AccentColor;
				CLANG_ENABLE_MODULES = YES;
				CODE_SIGN_ENTITLEMENTS = iMessageGemini/iMessageGemini.entitlements;
				CODE_SIGN_STYLE = Automatic;
				CURRENT_PROJECT_VERSION = 1;
				DEVELOPMENT_ASSET_PATHS = "\"iMessageGemini/Preview Content\"";
				ENABLE_PREVIEWS = YES;
				GENERATE_INFOPLIST_FILE = YES;
				"INFOPLIST_KEY_UIApplicationSceneManifest_Generation[sdk=iphoneos*]" = YES;
				"INFOPLIST_KEY_UIApplicationSceneManifest_Generation[sdk=iphonesimulator*]" = YES;
				"INFOPLIST_KEY_UIApplicationSupportsIndirectInputEvents[sdk=iphoneos*]" = YES;
				"INFOPLIST_KEY_UIApplicationSupportsIndirectInputEvents[sdk=iphonesimulator*]" = YES;
				"INFOPLIST_KEY_UILaunchScreen_Generation[sdk=iphoneos*]" = YES;
				"INFOPLIST_KEY_UILaunchScreen_Generation[sdk=iphonesimulator*]" = YES;
				"INFOPLIST_KEY_UIStatusBarStyle[sdk=iphoneos*]" = UIStatusBarStyleDefault;
				"INFOPLIST_KEY_UIStatusBarStyle[sdk=iphonesimulator*]" = UIStatusBarStyleDefault;
				INFOPLIST_KEY_UISupportedInterfaceOrientations_iPad = "UIInterfaceOrientationPortrait UIInterfaceOrientationPortraitUpsideDown UIInterfaceOrientationLandscapeLeft UIInterfaceOrientationLandscapeRight";
				INFOPLIST_KEY_UISupportedInterfaceOrientations_iPhone = "UIInterfaceOrientationPortrait UIInterfaceOrientationLandscapeLeft UIInterfaceOrientationLandscapeRight";
				IPHONEOS_DEPLOYMENT_TARGET = 17.2;
				LD_RUNPATH_SEARCH_PATHS = "@executable_path/Frameworks";
				"LD_RUNPATH_SEARCH_PATHS[sdk=macosx*]" = "@executable_path/../Frameworks";
				MACOSX_DEPLOYMENT_TARGET = 13.6;
				MARKETING_VERSION = 1.0;
				PRODUCT_BUNDLE_IDENTIFIER = okcMAGiX.iMessageGemini;
				PRODUCT_NAME = "$(TARGET_NAME)";
				SDKROOT = auto;
				SUPPORTED_PLATFORMS = "iphoneos iphonesimulator macosx";
				SWIFT_EMIT_LOC_STRINGS = YES;
				SWIFT_OBJC_BRIDGING_HEADER = "JaredFramework/Views/iMessageGemini-Bridging-Header.h";
				SWIFT_OPTIMIZATION_LEVEL = "-Onone";
				SWIFT_VERSION = 5.0;
				TARGETED_DEVICE_FAMILY = "1,2";
			};
			name = Debug;
		};
		AEA3058F2B650E780025F50E /* Release */ = {
			isa = XCBuildConfiguration;
			buildSettings = {
				ASSETCATALOG_COMPILER_APPICON_NAME = AppIcon;
				ASSETCATALOG_COMPILER_GLOBAL_ACCENT_COLOR_NAME = AccentColor;
				CLANG_ENABLE_MODULES = YES;
				CODE_SIGN_ENTITLEMENTS = iMessageGemini/iMessageGemini.entitlements;
				CODE_SIGN_STYLE = Automatic;
				CURRENT_PROJECT_VERSION = 1;
				DEVELOPMENT_ASSET_PATHS = "\"iMessageGemini/Preview Content\"";
				ENABLE_PREVIEWS = YES;
				GENERATE_INFOPLIST_FILE = YES;
				"INFOPLIST_KEY_UIApplicationSceneManifest_Generation[sdk=iphoneos*]" = YES;
				"INFOPLIST_KEY_UIApplicationSceneManifest_Generation[sdk=iphonesimulator*]" = YES;
				"INFOPLIST_KEY_UIApplicationSupportsIndirectInputEvents[sdk=iphoneos*]" = YES;
				"INFOPLIST_KEY_UIApplicationSupportsIndirectInputEvents[sdk=iphonesimulator*]" = YES;
				"INFOPLIST_KEY_UILaunchScreen_Generation[sdk=iphoneos*]" = YES;
				"INFOPLIST_KEY_UILaunchScreen_Generation[sdk=iphonesimulator*]" = YES;
				"INFOPLIST_KEY_UIStatusBarStyle[sdk=iphoneos*]" = UIStatusBarStyleDefault;
				"INFOPLIST_KEY_UIStatusBarStyle[sdk=iphonesimulator*]" = UIStatusBarStyleDefault;
				INFOPLIST_KEY_UISupportedInterfaceOrientations_iPad = "UIInterfaceOrientationPortrait UIInterfaceOrientationPortraitUpsideDown UIInterfaceOrientationLandscapeLeft UIInterfaceOrientationLandscapeRight";
				INFOPLIST_KEY_UISupportedInterfaceOrientations_iPhone = "UIInterfaceOrientationPortrait UIInterfaceOrientationLandscapeLeft UIInterfaceOrientationLandscapeRight";
				IPHONEOS_DEPLOYMENT_TARGET = 17.2;
				LD_RUNPATH_SEARCH_PATHS = "@executable_path/Frameworks";
				"LD_RUNPATH_SEARCH_PATHS[sdk=macosx*]" = "@executable_path/../Frameworks";
				MACOSX_DEPLOYMENT_TARGET = 13.6;
				MARKETING_VERSION = 1.0;
				PRODUCT_BUNDLE_IDENTIFIER = okcMAGiX.iMessageGemini;
				PRODUCT_NAME = "$(TARGET_NAME)";
				SDKROOT = auto;
				SUPPORTED_PLATFORMS = "iphoneos iphonesimulator macosx";
				SWIFT_EMIT_LOC_STRINGS = YES;
				SWIFT_OBJC_BRIDGING_HEADER = "JaredFramework/Views/iMessageGemini-Bridging-Header.h";
				SWIFT_VERSION = 5.0;
				TARGETED_DEVICE_FAMILY = "1,2";
			};
			name = Release;
		};
		AEA305912B650E780025F50E /* Debug */ = {
			isa = XCBuildConfiguration;
			buildSettings = {
				ALWAYS_EMBED_SWIFT_STANDARD_LIBRARIES = YES;
				BUNDLE_LOADER = "$(TEST_HOST)";
				CODE_SIGN_STYLE = Automatic;
				CURRENT_PROJECT_VERSION = 1;
				GENERATE_INFOPLIST_FILE = YES;
				IPHONEOS_DEPLOYMENT_TARGET = 17.2;
				MACOSX_DEPLOYMENT_TARGET = 13.6;
				MARKETING_VERSION = 1.0;
				PRODUCT_BUNDLE_IDENTIFIER = okcMAGiX.iMessageGeminiTests;
				PRODUCT_NAME = "$(TARGET_NAME)";
				SDKROOT = auto;
				SUPPORTED_PLATFORMS = "iphoneos iphonesimulator macosx";
				SWIFT_EMIT_LOC_STRINGS = NO;
				SWIFT_VERSION = 5.0;
				TARGETED_DEVICE_FAMILY = "1,2";
				TEST_HOST = "$(BUILT_PRODUCTS_DIR)/iMessageGemini.app/$(BUNDLE_EXECUTABLE_FOLDER_PATH)/iMessageGemini";
			};
			name = Debug;
		};
		AEA305922B650E780025F50E /* Release */ = {
			isa = XCBuildConfiguration;
			buildSettings = {
				ALWAYS_EMBED_SWIFT_STANDARD_LIBRARIES = YES;
				BUNDLE_LOADER = "$(TEST_HOST)";
				CODE_SIGN_STYLE = Automatic;
				CURRENT_PROJECT_VERSION = 1;
				GENERATE_INFOPLIST_FILE = YES;
				IPHONEOS_DEPLOYMENT_TARGET = 17.2;
				MACOSX_DEPLOYMENT_TARGET = 13.6;
				MARKETING_VERSION = 1.0;
				PRODUCT_BUNDLE_IDENTIFIER = okcMAGiX.iMessageGeminiTests;
				PRODUCT_NAME = "$(TARGET_NAME)";
				SDKROOT = auto;
				SUPPORTED_PLATFORMS = "iphoneos iphonesimulator macosx";
				SWIFT_EMIT_LOC_STRINGS = NO;
				SWIFT_VERSION = 5.0;
				TARGETED_DEVICE_FAMILY = "1,2";
				TEST_HOST = "$(BUILT_PRODUCTS_DIR)/iMessageGemini.app/$(BUNDLE_EXECUTABLE_FOLDER_PATH)/iMessageGemini";
			};
			name = Release;
		};
		AEA305942B650E780025F50E /* Debug */ = {
			isa = XCBuildConfiguration;
			buildSettings = {
				ALWAYS_EMBED_SWIFT_STANDARD_LIBRARIES = YES;
				CODE_SIGN_STYLE = Automatic;
				CURRENT_PROJECT_VERSION = 1;
				GENERATE_INFOPLIST_FILE = YES;
				IPHONEOS_DEPLOYMENT_TARGET = 17.2;
				MACOSX_DEPLOYMENT_TARGET = 13.6;
				MARKETING_VERSION = 1.0;
				PRODUCT_BUNDLE_IDENTIFIER = okcMAGiX.iMessageGeminiUITests;
				PRODUCT_NAME = "$(TARGET_NAME)";
				SDKROOT = auto;
				SUPPORTED_PLATFORMS = "iphoneos iphonesimulator macosx";
				SWIFT_EMIT_LOC_STRINGS = NO;
				SWIFT_VERSION = 5.0;
				TARGETED_DEVICE_FAMILY = "1,2";
				TEST_TARGET_NAME = iMessageGemini;
			};
			name = Debug;
		};
		AEA305952B650E780025F50E /* Release */ = {
			isa = XCBuildConfiguration;
			buildSettings = {
				ALWAYS_EMBED_SWIFT_STANDARD_LIBRARIES = YES;
				CODE_SIGN_STYLE = Automatic;
				CURRENT_PROJECT_VERSION = 1;
				GENERATE_INFOPLIST_FILE = YES;
				IPHONEOS_DEPLOYMENT_TARGET = 17.2;
				MACOSX_DEPLOYMENT_TARGET = 13.6;
				MARKETING_VERSION = 1.0;
				PRODUCT_BUNDLE_IDENTIFIER = okcMAGiX.iMessageGeminiUITests;
				PRODUCT_NAME = "$(TARGET_NAME)";
				SDKROOT = auto;
				SUPPORTED_PLATFORMS = "iphoneos iphonesimulator macosx";
				SWIFT_EMIT_LOC_STRINGS = NO;
				SWIFT_VERSION = 5.0;
				TARGETED_DEVICE_FAMILY = "1,2";
				TEST_TARGET_NAME = iMessageGemini;
			};
			name = Release;
		};
/* End XCBuildConfiguration section */

/* Begin XCConfigurationList section */
		AEA305632B650E730025F50E /* Build configuration list for PBXProject "iMessageGemini" */ = {
			isa = XCConfigurationList;
			buildConfigurations = (
				AEA3058B2B650E780025F50E /* Debug */,
				AEA3058C2B650E780025F50E /* Release */,
			);
			defaultConfigurationIsVisible = 0;
			defaultConfigurationName = Release;
		};
		AEA3058D2B650E780025F50E /* Build configuration list for PBXNativeTarget "iMessageGemini" */ = {
			isa = XCConfigurationList;
			buildConfigurations = (
				AEA3058E2B650E780025F50E /* Debug */,
				AEA3058F2B650E780025F50E /* Release */,
			);
			defaultConfigurationIsVisible = 0;
			defaultConfigurationName = Release;
		};
		AEA305902B650E780025F50E /* Build configuration list for PBXNativeTarget "iMessageGeminiTests" */ = {
			isa = XCConfigurationList;
			buildConfigurations = (
				AEA305912B650E780025F50E /* Debug */,
				AEA305922B650E780025F50E /* Release */,
			);
			defaultConfigurationIsVisible = 0;
			defaultConfigurationName = Release;
		};
		AEA305932B650E780025F50E /* Build configuration list for PBXNativeTarget "iMessageGeminiUITests" */ = {
			isa = XCConfigurationList;
			buildConfigurations = (
				AEA305942B650E780025F50E /* Debug */,
				AEA305952B650E780025F50E /* Release */,
			);
			defaultConfigurationIsVisible = 0;
			defaultConfigurationName = Release;
		};
/* End XCConfigurationList section */
	};
	rootObject = AEA305602B650E730025F50E /* Project object */;
}
